
Microsoft Visual Studio Solution File, Format Version 12.00
# Visual Studio 15
VisualStudioVersion = 15.0.28307.106
MinimumVisualStudioVersion = 10.0.40219.1
Project("{9A19103F-16F7-4668-BE54-9A1E7A4F7556}") = "Web_Moby_Dick", "WebApplication_Moby_Dick\Web_Moby_Dick.csproj", "{7D2FC02E-F8CF-4945-A085-BB0ABBF2EF71}"
EndProject
Project("{FAE04EC0-301F-11D3-BF4B-00C04F79EFBC}") = "Web_Moby_Dick.UnitTests", "Web_Moby_Dick.UnitTests\Web_Moby_Dick.UnitTests.csproj", "{8FBFCA7B-63B1-43D4-B679-38E4C26D1CF2}"
EndProject
Global
	GlobalSection(SolutionConfigurationPlatforms) = preSolution
		Debug|Any CPU = Debug|Any CPU
		Release|Any CPU = Release|Any CPU
	EndGlobalSection
	GlobalSection(ProjectConfigurationPlatforms) = postSolution
		{7D2FC02E-F8CF-4945-A085-BB0ABBF2EF71}.Debug|Any CPU.ActiveCfg = Debug|Any CPU
		{7D2FC02E-F8CF-4945-A085-BB0ABBF2EF71}.Debug|Any CPU.Build.0 = Debug|Any CPU
		{7D2FC02E-F8CF-4945-A085-BB0ABBF2EF71}.Release|Any CPU.ActiveCfg = Release|Any CPU
		{7D2FC02E-F8CF-4945-A085-BB0ABBF2EF71}.Release|Any CPU.Build.0 = Release|Any CPU
		{8FBFCA7B-63B1-43D4-B679-38E4C26D1CF2}.Debug|Any CPU.ActiveCfg = Debug|Any CPU
		{8FBFCA7B-63B1-43D4-B679-38E4C26D1CF2}.Debug|Any CPU.Build.0 = Debug|Any CPU
		{8FBFCA7B-63B1-43D4-B679-38E4C26D1CF2}.Release|Any CPU.ActiveCfg = Release|Any CPU
		{8FBFCA7B-63B1-43D4-B679-38E4C26D1CF2}.Release|Any CPU.Build.0 = Release|Any CPU
	EndGlobalSection
	GlobalSection(SolutionProperties) = preSolution
		HideSolutionNode = FALSE
	EndGlobalSection
	GlobalSection(ExtensibilityGlobals) = postSolution
		SolutionGuid = {7C243D87-2E92-4F31-AD5B-480C01CFBBD3}
	EndGlobalSection
EndGlobal
